// !$*UTF8*$!
{
	archiveVersion = 1;
	classes = {
	};
	objectVersion = 77;
	objects = {

/* Begin PBXBuildFile section */
		155C2C022D9186510050F3B7 /* LoadingView.swift in Sources */ = {isa = PBXBuildFile; fileRef = 155C2C012D9186510050F3B7 /* LoadingView.swift */; };
/* End PBXBuildFile section */

/* Begin PBXContainerItemProxy section */
		155C2BBF2D9090320050F3B7 /* PBXContainerItemProxy */ = {
			isa = PBXContainerItemProxy;
			containerPortal = 155C2BA62D9090300050F3B7 /* Project object */;
			proxyType = 1;
			remoteGlobalIDString = 155C2BAD2D9090300050F3B7;
			remoteInfo = SwiftPlayground;
		};
		155C2BC92D9090320050F3B7 /* PBXContainerItemProxy */ = {
			isa = PBXContainerItemProxy;
			containerPortal = 155C2BA62D9090300050F3B7 /* Project object */;
			proxyType = 1;
			remoteGlobalIDString = 155C2BAD2D9090300050F3B7;
			remoteInfo = SwiftPlayground;
		};
/* End PBXContainerItemProxy section */

/* Begin PBXFileReference section */
		155C2BAE2D9090300050F3B7 /* SwiftPlayground.app */ = {isa = PBXFileReference; explicitFileType = wrapper.application; includeInIndex = 0; path = SwiftPlayground.app; sourceTree = BUILT_PRODUCTS_DIR; };
		155C2BBE2D9090320050F3B7 /* SwiftPlaygroundTests.xctest */ = {isa = PBXFileReference; explicitFileType = wrapper.cfbundle; includeInIndex = 0; path = SwiftPlaygroundTests.xctest; sourceTree = BUILT_PRODUCTS_DIR; };
		155C2BC82D9090320050F3B7 /* SwiftPlaygroundUITests.xctest */ = {isa = PBXFileReference; explicitFileType = wrapper.cfbundle; includeInIndex = 0; path = SwiftPlaygroundUITests.xctest; sourceTree = BUILT_PRODUCTS_DIR; };
		155C2C012D9186510050F3B7 /* LoadingView.swift */ = {isa = PBXFileReference; lastKnownFileType = sourcecode.swift; path = LoadingView.swift; sourceTree = "<group>"; };
/* End PBXFileReference section */

/* Begin PBXFileSystemSynchronizedRootGroup section */
		155C2BB02D9090300050F3B7 /* SwiftPlayground */ = {
			isa = PBXFileSystemSynchronizedRootGroup;
			path = SwiftPlayground;
			sourceTree = "<group>";
		};
		155C2BC12D9090320050F3B7 /* SwiftPlaygroundTests */ = {
			isa = PBXFileSystemSynchronizedRootGroup;
			path = SwiftPlaygroundTests;
			sourceTree = "<group>";
		};
		155C2BCB2D9090320050F3B7 /* SwiftPlaygroundUITests */ = {
			isa = PBXFileSystemSynchronizedRootGroup;
			path = SwiftPlaygroundUITests;
			sourceTree = "<group>";
		};
/* End PBXFileSystemSynchronizedRootGroup section */

/* Begin PBXFrameworksBuildPhase section */
		155C2BAB2D9090300050F3B7 /* Frameworks */ = {
			isa = PBXFrameworksBuildPhase;
			buildActionMask = 2147483647;
			files = (
			);
			runOnlyForDeploymentPostprocessing = 0;
		};
		155C2BBB2D9090320050F3B7 /* Frameworks */ = {
			isa = PBXFrameworksBuildPhase;
			buildActionMask = 2147483647;
			files = (
			);
			runOnlyForDeploymentPostprocessing = 0;
		};
		155C2BC52D9090320050F3B7 /* Frameworks */ = {
			isa = PBXFrameworksBuildPhase;
			buildActionMask = 2147483647;
			files = (
			);
			runOnlyForDeploymentPostprocessing = 0;
		};
/* End PBXFrameworksBuildPhase section */

/* Begin PBXGroup section */
		155C2BA52D9090300050F3B7 = {
			isa = PBXGroup;
			children = (
				155C2C012D9186510050F3B7 /* LoadingView.swift */,
				155C2BB02D9090300050F3B7 /* SwiftPlayground */,
				155C2BC12D9090320050F3B7 /* SwiftPlaygroundTests */,
				155C2BCB2D9090320050F3B7 /* SwiftPlaygroundUITests */,
				155C2BAF2D9090300050F3B7 /* Products */,
			);
			sourceTree = "<group>";
		};
		155C2BAF2D9090300050F3B7 /* Products */ = {
			isa = PBXGroup;
			children = (
				155C2BAE2D9090300050F3B7 /* SwiftPlayground.app */,
				155C2BBE2D9090320050F3B7 /* SwiftPlaygroundTests.xctest */,
				155C2BC82D9090320050F3B7 /* SwiftPlaygroundUITests.xctest */,
			);
			name = Products;
			sourceTree = "<group>";
		};
/* End PBXGroup section */

/* Begin PBXNativeTarget section */
		155C2BAD2D9090300050F3B7 /* SwiftPlayground */ = {
			isa = PBXNativeTarget;
			buildConfigurationList = 155C2BD22D9090320050F3B7 /* Build configuration list for PBXNativeTarget "SwiftPlayground" */;
			buildPhases = (
				155C2BAA2D9090300050F3B7 /* Sources */,
				155C2BAB2D9090300050F3B7 /* Frameworks */,
				155C2BAC2D9090300050F3B7 /* Resources */,
			);
			buildRules = (
			);
			dependencies = (
			);
			fileSystemSynchronizedGroups = (
				155C2BB02D9090300050F3B7 /* SwiftPlayground */,
			);
			name = SwiftPlayground;
			packageProductDependencies = (
			);
			productName = SwiftPlayground;
			productReference = 155C2BAE2D9090300050F3B7 /* SwiftPlayground.app */;
			productType = "com.apple.product-type.application";
		};
		155C2BBD2D9090320050F3B7 /* SwiftPlaygroundTests */ = {
			isa = PBXNativeTarget;
			buildConfigurationList = 155C2BD52D9090320050F3B7 /* Build configuration list for PBXNativeTarget "SwiftPlaygroundTests" */;
			buildPhases = (
				155C2BBA2D9090320050F3B7 /* Sources */,
				155C2BBB2D9090320050F3B7 /* Frameworks */,
				155C2BBC2D9090320050F3B7 /* Resources */,
			);
			buildRules = (
			);
			dependencies = (
				155C2BC02D9090320050F3B7 /* PBXTargetDependency */,
			);
			fileSystemSynchronizedGroups = (
				155C2BC12D9090320050F3B7 /* SwiftPlaygroundTests */,
			);
			name = SwiftPlaygroundTests;
			packageProductDependencies = (
			);
			productName = SwiftPlaygroundTests;
			productReference = 155C2BBE2D9090320050F3B7 /* SwiftPlaygroundTests.xctest */;
			productType = "com.apple.product-type.bundle.unit-test";
		};
		155C2BC72D9090320050F3B7 /* SwiftPlaygroundUITests */ = {
			isa = PBXNativeTarget;
			buildConfigurationList = 155C2BD82D9090320050F3B7 /* Build configuration list for PBXNativeTarget "SwiftPlaygroundUITests" */;
			buildPhases = (
				155C2BC42D9090320050F3B7 /* Sources */,
				155C2BC52D9090320050F3B7 /* Frameworks */,
				155C2BC62D9090320050F3B7 /* Resources */,
			);
			buildRules = (
			);
			dependencies = (
				155C2BCA2D9090320050F3B7 /* PBXTargetDependency */,
			);
			fileSystemSynchronizedGroups = (
				155C2BCB2D9090320050F3B7 /* SwiftPlaygroundUITests */,
			);
			name = SwiftPlaygroundUITests;
			packageProductDependencies = (
			);
			productName = SwiftPlaygroundUITests;
			productReference = 155C2BC82D9090320050F3B7 /* SwiftPlaygroundUITests.xctest */;
			productType = "com.apple.product-type.bundle.ui-testing";
		};
/* End PBXNativeTarget section */

/* Begin PBXProject section */
		155C2BA62D9090300050F3B7 /* Project object */ = {
			isa = PBXProject;
			attributes = {
				BuildIndependentTargetsInParallel = 1;
				LastSwiftUpdateCheck = 1620;
				LastUpgradeCheck = 1620;
				TargetAttributes = {
					155C2BAD2D9090300050F3B7 = {
						CreatedOnToolsVersion = 16.2;
					};
					155C2BBD2D9090320050F3B7 = {
						CreatedOnToolsVersion = 16.2;
						TestTargetID = 155C2BAD2D9090300050F3B7;
					};
					155C2BC72D9090320050F3B7 = {
						CreatedOnToolsVersion = 16.2;
						TestTargetID = 155C2BAD2D9090300050F3B7;
					};
				};
			};
			buildConfigurationList = 155C2BA92D9090300050F3B7 /* Build configuration list for PBXProject "SwiftPlayground" */;
			developmentRegion = en;
			hasScannedForEncodings = 0;
			knownRegions = (
				en,
				Base,
			);
			mainGroup = 155C2BA52D9090300050F3B7;
			minimizedProjectReferenceProxies = 1;
			preferredProjectObjectVersion = 77;
			productRefGroup = 155C2BAF2D9090300050F3B7 /* Products */;
			projectDirPath = "";
			projectRoot = "";
			targets = (
				155C2BAD2D9090300050F3B7 /* SwiftPlayground */,
				155C2BBD2D9090320050F3B7 /* SwiftPlaygroundTests */,
				155C2BC72D9090320050F3B7 /* SwiftPlaygroundUITests */,
			);
		};
/* End PBXProject section */

/* Begin PBXResourcesBuildPhase section */
		155C2BAC2D9090300050F3B7 /* Resources */ = {
			isa = PBXResourcesBuildPhase;
			buildActionMask = 2147483647;
			files = (
			);
			runOnlyForDeploymentPostprocessing = 0;
		};
		155C2BBC2D9090320050F3B7 /* Resources */ = {
			isa = PBXResourcesBuildPhase;
			buildActionMask = 2147483647;
			files = (
			);
			runOnlyForDeploymentPostprocessing = 0;
		};
		155C2BC62D9090320050F3B7 /* Resources */ = {
			isa = PBXResourcesBuildPhase;
			buildActionMask = 2147483647;
			files = (
			);
			runOnlyForDeploymentPostprocessing = 0;
		};
/* End PBXResourcesBuildPhase section */

/* Begin PBXSourcesBuildPhase section */
		155C2BAA2D9090300050F3B7 /* Sources */ = {
			isa = PBXSourcesBuildPhase;
			buildActionMask = 2147483647;
			files = (
				155C2C022D9186510050F3B7 /* LoadingView.swift in Sources */,
			);
			runOnlyForDeploymentPostprocessing = 0;
		};
		155C2BBA2D9090320050F3B7 /* Sources */ = {
			isa = PBXSourcesBuildPhase;
			buildActionMask = 2147483647;
			files = (
			);
			runOnlyForDeploymentPostprocessing = 0;
		};
		155C2BC42D9090320050F3B7 /* Sources */ = {
			isa = PBXSourcesBuildPhase;
			buildActionMask = 2147483647;
			files = (
			);
			runOnlyForDeploymentPostprocessing = 0;
		};
/* End PBXSourcesBuildPhase section */

/* Begin PBXTargetDependency section */
		155C2BC02D9090320050F3B7 /* PBXTargetDependency */ = {
			isa = PBXTargetDependency;
			target = 155C2BAD2D9090300050F3B7 /* SwiftPlayground */;
			targetProxy = 155C2BBF2D9090320050F3B7 /* PBXContainerItemProxy */;
		};
		155C2BCA2D9090320050F3B7 /* PBXTargetDependency */ = {
			isa = PBXTargetDependency;
			target = 155C2BAD2D9090300050F3B7 /* SwiftPlayground */;
			targetProxy = 155C2BC92D9090320050F3B7 /* PBXContainerItemProxy */;
		};
/* End PBXTargetDependency section */

/* Begin XCBuildConfiguration section */
		155C2BD02D9090320050F3B7 /* Debug */ = {
			isa = XCBuildConfiguration;
			buildSettings = {
				ALWAYS_SEARCH_USER_PATHS = NO;
				ASSETCATALOG_COMPILER_GENERATE_SWIFT_ASSET_SYMBOL_EXTENSIONS = YES;
				CLANG_ANALYZER_NONNULL = YES;
				CLANG_ANALYZER_NUMBER_OBJECT_CONVERSION = YES_AGGRESSIVE;
				CLANG_CXX_LANGUAGE_STANDARD = "gnu++20";
				CLANG_ENABLE_MODULES = YES;
				CLANG_ENABLE_OBJC_ARC = YES;
				CLANG_ENABLE_OBJC_WEAK = YES;
				CLANG_WARN_BLOCK_CAPTURE_AUTORELEASING = YES;
				CLANG_WARN_BOOL_CONVERSION = YES;
				CLANG_WARN_COMMA = YES;
				CLANG_WARN_CONSTANT_CONVERSION = YES;
				CLANG_WARN_DEPRECATED_OBJC_IMPLEMENTATIONS = YES;
				CLANG_WARN_DIRECT_OBJC_ISA_USAGE = YES_ERROR;
				CLANG_WARN_DOCUMENTATION_COMMENTS = YES;
				CLANG_WARN_EMPTY_BODY = YES;
				CLANG_WARN_ENUM_CONVERSION = YES;
				CLANG_WARN_INFINITE_RECURSION = YES;
				CLANG_WARN_INT_CONVERSION = YES;
				CLANG_WARN_NON_LITERAL_NULL_CONVERSION = YES;
				CLANG_WARN_OBJC_IMPLICIT_RETAIN_SELF = YES;
				CLANG_WARN_OBJC_LITERAL_CONVERSION = YES;
				CLANG_WARN_OBJC_ROOT_CLASS = YES_ERROR;
				CLANG_WARN_QUOTED_INCLUDE_IN_FRAMEWORK_HEADER = YES;
				CLANG_WARN_RANGE_LOOP_ANALYSIS = YES;
				CLANG_WARN_STRICT_PROTOTYPES = YES;
				CLANG_WARN_SUSPICIOUS_MOVE = YES;
				CLANG_WARN_UNGUARDED_AVAILABILITY = YES_AGGRESSIVE;
				CLANG_WARN_UNREACHABLE_CODE = YES;
				CLANG_WARN__DUPLICATE_METHOD_MATCH = YES;
				COPY_PHASE_STRIP = NO;
				DEBUG_INFORMATION_FORMAT = dwarf;
				ENABLE_STRICT_OBJC_MSGSEND = YES;
				ENABLE_TESTABILITY = YES;
				ENABLE_USER_SCRIPT_SANDBOXING = YES;
				GCC_C_LANGUAGE_STANDARD = gnu17;
				GCC_DYNAMIC_NO_PIC = NO;
				GCC_NO_COMMON_BLOCKS = YES;
				GCC_OPTIMIZATION_LEVEL = 0;
				GCC_PREPROCESSOR_DEFINITIONS = (
					"DEBUG=1",
					"$(inherited)",
				);
				GCC_WARN_64_TO_32_BIT_CONVERSION = YES;
				GCC_WARN_ABOUT_RETURN_TYPE = YES_ERROR;
				GCC_WARN_UNDECLARED_SELECTOR = YES;
				GCC_WARN_UNINITIALIZED_AUTOS = YES_AGGRESSIVE;
				GCC_WARN_UNUSED_FUNCTION = YES;
				GCC_WARN_UNUSED_VARIABLE = YES;
				IPHONEOS_DEPLOYMENT_TARGET = 18.2;
				LOCALIZATION_PREFERS_STRING_CATALOGS = YES;
				MTL_ENABLE_DEBUG_INFO = INCLUDE_SOURCE;
				MTL_FAST_MATH = YES;
				ONLY_ACTIVE_ARCH = YES;
				SDKROOT = iphoneos;
				SWIFT_ACTIVE_COMPILATION_CONDITIONS = "DEBUG $(inherited)";
				SWIFT_OPTIMIZATION_LEVEL = "-Onone";
			};
			name = Debug;
		};
		155C2BD12D9090320050F3B7 /* Release */ = {
			isa = XCBuildConfiguration;
			buildSettings = {
				ALWAYS_SEARCH_USER_PATHS = NO;
				ASSETCATALOG_COMPILER_GENERATE_SWIFT_ASSET_SYMBOL_EXTENSIONS = YES;
				CLANG_ANALYZER_NONNULL = YES;
				CLANG_ANALYZER_NUMBER_OBJECT_CONVERSION = YES_AGGRESSIVE;
				CLANG_CXX_LANGUAGE_STANDARD = "gnu++20";
				CLANG_ENABLE_MODULES = YES;
				CLANG_ENABLE_OBJC_ARC = YES;
				CLANG_ENABLE_OBJC_WEAK = YES;
				CLANG_WARN_BLOCK_CAPTURE_AUTORELEASING = YES;
				CLANG_WARN_BOOL_CONVERSION = YES;
				CLANG_WARN_COMMA = YES;
				CLANG_WARN_CONSTANT_CONVERSION = YES;
				CLANG_WARN_DEPRECATED_OBJC_IMPLEMENTATIONS = YES;
				CLANG_WARN_DIRECT_OBJC_ISA_USAGE = YES_ERROR;
				CLANG_WARN_DOCUMENTATION_COMMENTS = YES;
				CLANG_WARN_EMPTY_BODY = YES;
				CLANG_WARN_ENUM_CONVERSION = YES;
				CLANG_WARN_INFINITE_RECURSION = YES;
				CLANG_WARN_INT_CONVERSION = YES;
				CLANG_WARN_NON_LITERAL_NULL_CONVERSION = YES;
				CLANG_WARN_OBJC_IMPLICIT_RETAIN_SELF = YES;
				CLANG_WARN_OBJC_LITERAL_CONVERSION = YES;
				CLANG_WARN_OBJC_ROOT_CLASS = YES_ERROR;
				CLANG_WARN_QUOTED_INCLUDE_IN_FRAMEWORK_HEADER = YES;
				CLANG_WARN_RANGE_LOOP_ANALYSIS = YES;
				CLANG_WARN_STRICT_PROTOTYPES = YES;
				CLANG_WARN_SUSPICIOUS_MOVE = YES;
				CLANG_WARN_UNGUARDED_AVAILABILITY = YES_AGGRESSIVE;
				CLANG_WARN_UNREACHABLE_CODE = YES;
				CLANG_WARN__DUPLICATE_METHOD_MATCH = YES;
				COPY_PHASE_STRIP = NO;
				DEBUG_INFORMATION_FORMAT = "dwarf-with-dsym";
				ENABLE_NS_ASSERTIONS = NO;
				ENABLE_STRICT_OBJC_MSGSEND = YES;
				ENABLE_USER_SCRIPT_SANDBOXING = YES;
				GCC_C_LANGUAGE_STANDARD = gnu17;
				GCC_NO_COMMON_BLOCKS = YES;
				GCC_WARN_64_TO_32_BIT_CONVERSION = YES;
				GCC_WARN_ABOUT_RETURN_TYPE = YES_ERROR;
				GCC_WARN_UNDECLARED_SELECTOR = YES;
				GCC_WARN_UNINITIALIZED_AUTOS = YES_AGGRESSIVE;
				GCC_WARN_UNUSED_FUNCTION = YES;
				GCC_WARN_UNUSED_VARIABLE = YES;
				IPHONEOS_DEPLOYMENT_TARGET = 18.2;
				LOCALIZATION_PREFERS_STRING_CATALOGS = YES;
				MTL_ENABLE_DEBUG_INFO = NO;
				MTL_FAST_MATH = YES;
				SDKROOT = iphoneos;
				SWIFT_COMPILATION_MODE = wholemodule;
				VALIDATE_PRODUCT = YES;
			};
			name = Release;
		};
		155C2BD32D9090320050F3B7 /* Debug */ = {
			isa = XCBuildConfiguration;
			buildSettings = {
				ASSETCATALOG_COMPILER_APPICON_NAME = AppIcon;
				ASSETCATALOG_COMPILER_GLOBAL_ACCENT_COLOR_NAME = AccentColor;
				CODE_SIGN_STYLE = Automatic;
				CURRENT_PROJECT_VERSION = 1;
				DEVELOPMENT_ASSET_PATHS = "\"SwiftPlayground/Preview Content\"";
				DEVELOPMENT_TEAM = 2T8B7ZJJ7U;
				ENABLE_PREVIEWS = YES;
				GENERATE_INFOPLIST_FILE = YES;
				INFOPLIST_KEY_UIApplicationSceneManifest_Generation = YES;
				INFOPLIST_KEY_UIApplicationSupportsIndirectInputEvents = YES;
				INFOPLIST_KEY_UILaunchScreen_Generation = YES;
				INFOPLIST_KEY_UISupportedInterfaceOrientations_iPad = "UIInterfaceOrientationPortrait UIInterfaceOrientationPortraitUpsideDown UIInterfaceOrientationLandscapeLeft UIInterfaceOrientationLandscapeRight";
				INFOPLIST_KEY_UISupportedInterfaceOrientations_iPhone = "UIInterfaceOrientationPortrait UIInterfaceOrientationLandscapeLeft UIInterfaceOrientationLandscapeRight";
				LD_RUNPATH_SEARCH_PATHS = (
					"$(inherited)",
					"@executable_path/Frameworks",
				);
				MARKETING_VERSION = 1.0;
				PRODUCT_BUNDLE_IDENTIFIER = com.franco.SwiftPlayground;
				PRODUCT_NAME = "$(TARGET_NAME)";
				SWIFT_EMIT_LOC_STRINGS = YES;
				SWIFT_VERSION = 5.0;
				TARGETED_DEVICE_FAMILY = "1,2";
			};
			name = Debug;
		};
		155C2BD42D9090320050F3B7 /* Release */ = {
			isa = XCBuildConfiguration;
			buildSettings = {
				ASSETCATALOG_COMPILER_APPICON_NAME = AppIcon;
				ASSETCATALOG_COMPILER_GLOBAL_ACCENT_COLOR_NAME = AccentColor;
				CODE_SIGN_STYLE = Automatic;
				CURRENT_PROJECT_VERSION = 1;
				DEVELOPMENT_ASSET_PATHS = "\"SwiftPlayground/Preview Content\"";
				DEVELOPMENT_TEAM = 2T8B7ZJJ7U;
				ENABLE_PREVIEWS = YES;
				GENERATE_INFOPLIST_FILE = YES;
				INFOPLIST_KEY_UIApplicationSceneManifest_Generation = YES;
				INFOPLIST_KEY_UIApplicationSupportsIndirectInputEvents = YES;
				INFOPLIST_KEY_UILaunchScreen_Generation = YES;
				INFOPLIST_KEY_UISupportedInterfaceOrientations_iPad = "UIInterfaceOrientationPortrait UIInterfaceOrientationPortraitUpsideDown UIInterfaceOrientationLandscapeLeft UIInterfaceOrientationLandscapeRight";
				INFOPLIST_KEY_UISupportedInterfaceOrientations_iPhone = "UIInterfaceOrientationPortrait UIInterfaceOrientationLandscapeLeft UIInterfaceOrientationLandscapeRight";
				LD_RUNPATH_SEARCH_PATHS = (
					"$(inherited)",
					"@executable_path/Frameworks",
				);
				MARKETING_VERSION = 1.0;
				PRODUCT_BUNDLE_IDENTIFIER = com.franco.SwiftPlayground;
				PRODUCT_NAME = "$(TARGET_NAME)";
				SWIFT_EMIT_LOC_STRINGS = YES;
				SWIFT_VERSION = 5.0;
				TARGETED_DEVICE_FAMILY = "1,2";
			};
			name = Release;
		};
		155C2BD62D9090320050F3B7 /* Debug */ = {
			isa = XCBuildConfiguration;
			buildSettings = {
				BUNDLE_LOADER = "$(TEST_HOST)";
				CODE_SIGN_STYLE = Automatic;
				CURRENT_PROJECT_VERSION = 1;
				DEVELOPMENT_TEAM = 2T8B7ZJJ7U;
				GENERATE_INFOPLIST_FILE = YES;
				IPHONEOS_DEPLOYMENT_TARGET = 18.2;
				MARKETING_VERSION = 1.0;
				PRODUCT_BUNDLE_IDENTIFIER = com.franco.SwiftPlaygroundTests;
				PRODUCT_NAME = "$(TARGET_NAME)";
				SWIFT_EMIT_LOC_STRINGS = NO;
				SWIFT_VERSION = 5.0;
				TARGETED_DEVICE_FAMILY = "1,2";
				TEST_HOST = "$(BUILT_PRODUCTS_DIR)/SwiftPlayground.app/$(BUNDLE_EXECUTABLE_FOLDER_PATH)/SwiftPlayground";
			};
			name = Debug;
		};
		155C2BD72D9090320050F3B7 /* Release */ = {
			isa = XCBuildConfiguration;
			buildSettings = {
				BUNDLE_LOADER = "$(TEST_HOST)";
				CODE_SIGN_STYLE = Automatic;
				CURRENT_PROJECT_VERSION = 1;
				DEVELOPMENT_TEAM = 2T8B7ZJJ7U;
				GENERATE_INFOPLIST_FILE = YES;
				IPHONEOS_DEPLOYMENT_TARGET = 18.2;
				MARKETING_VERSION = 1.0;
				PRODUCT_BUNDLE_IDENTIFIER = com.franco.SwiftPlaygroundTests;
				PRODUCT_NAME = "$(TARGET_NAME)";
				SWIFT_EMIT_LOC_STRINGS = NO;
				SWIFT_VERSION = 5.0;
				TARGETED_DEVICE_FAMILY = "1,2";
				TEST_HOST = "$(BUILT_PRODUCTS_DIR)/SwiftPlayground.app/$(BUNDLE_EXECUTABLE_FOLDER_PATH)/SwiftPlayground";
			};
			name = Release;
		};
		155C2BD92D9090320050F3B7 /* Debug */ = {
			isa = XCBuildConfiguration;
			buildSettings = {
				CODE_SIGN_STYLE = Automatic;
				CURRENT_PROJECT_VERSION = 1;
				DEVELOPMENT_TEAM = 2T8B7ZJJ7U;
				GENERATE_INFOPLIST_FILE = YES;
				MARKETING_VERSION = 1.0;
				PRODUCT_BUNDLE_IDENTIFIER = com.franco.SwiftPlaygroundUITests;
				PRODUCT_NAME = "$(TARGET_NAME)";
				SWIFT_EMIT_LOC_STRINGS = NO;
				SWIFT_VERSION = 5.0;
				TARGETED_DEVICE_FAMILY = "1,2";
				TEST_TARGET_NAME = SwiftPlayground;
			};
			name = Debug;
		};
		155C2BDA2D9090320050F3B7 /* Release */ = {
			isa = XCBuildConfiguration;
			buildSettings = {
				CODE_SIGN_STYLE = Automatic;
				CURRENT_PROJECT_VERSION = 1;
				DEVELOPMENT_TEAM = 2T8B7ZJJ7U;
				GENERATE_INFOPLIST_FILE = YES;
				MARKETING_VERSION = 1.0;
				PRODUCT_BUNDLE_IDENTIFIER = com.franco.SwiftPlaygroundUITests;
				PRODUCT_NAME = "$(TARGET_NAME)";
				SWIFT_EMIT_LOC_STRINGS = NO;
				SWIFT_VERSION = 5.0;
				TARGETED_DEVICE_FAMILY = "1,2";
				TEST_TARGET_NAME = SwiftPlayground;
			};
			name = Release;
		};
/* End XCBuildConfiguration section */

/* Begin XCConfigurationList section */
		155C2BA92D9090300050F3B7 /* Build configuration list for PBXProject "SwiftPlayground" */ = {
			isa = XCConfigurationList;
			buildConfigurations = (
				155C2BD02D9090320050F3B7 /* Debug */,
				155C2BD12D9090320050F3B7 /* Release */,
			);
			defaultConfigurationIsVisible = 0;
			defaultConfigurationName = Release;
		};
		155C2BD22D9090320050F3B7 /* Build configuration list for PBXNativeTarget "SwiftPlayground" */ = {
			isa = XCConfigurationList;
			buildConfigurations = (
				155C2BD32D9090320050F3B7 /* Debug */,
				155C2BD42D9090320050F3B7 /* Release */,
			);
			defaultConfigurationIsVisible = 0;
			defaultConfigurationName = Release;
		};
		155C2BD52D9090320050F3B7 /* Build configuration list for PBXNativeTarget "SwiftPlaygroundTests" */ = {
			isa = XCConfigurationList;
			buildConfigurations = (
				155C2BD62D9090320050F3B7 /* Debug */,
				155C2BD72D9090320050F3B7 /* Release */,
			);
			defaultConfigurationIsVisible = 0;
			defaultConfigurationName = Release;
		};
		155C2BD82D9090320050F3B7 /* Build configuration list for PBXNativeTarget "SwiftPlaygroundUITests" */ = {
			isa = XCConfigurationList;
			buildConfigurations = (
				155C2BD92D9090320050F3B7 /* Debug */,
				155C2BDA2D9090320050F3B7 /* Release */,
			);
			defaultConfigurationIsVisible = 0;
			defaultConfigurationName = Release;
		};
/* End XCConfigurationList section */
	};
	rootObject = 155C2BA62D9090300050F3B7 /* Project object */;
}
